
Microsoft Visual Studio Solution File, Format Version 12.00
# Visual Studio 15
VisualStudioVersion = 15.0.28307.421
MinimumVisualStudioVersion = 10.0.40219.1
Project("{FAE04EC0-301F-11D3-BF4B-00C04F79EFBC}") = "LogonService", "LogonService\LogonService.csproj", "{FAC83616-9681-45D0-B15E-407D2059ABCA}"
EndProject
Global
	GlobalSection(SolutionConfigurationPlatforms) = preSolution
		Debug|Any CPU = Debug|Any CPU
		Release|Any CPU = Release|Any CPU
	EndGlobalSection
	GlobalSection(ProjectConfigurationPlatforms) = postSolution
		{FAC83616-9681-45D0-B15E-407D2059ABCA}.Debug|Any CPU.ActiveCfg = Debug|Any CPU
		{FAC83616-9681-45D0-B15E-407D2059ABCA}.Debug|Any CPU.Build.0 = Debug|Any CPU
		{FAC83616-9681-45D0-B15E-407D2059ABCA}.Release|Any CPU.ActiveCfg = Release|Any CPU
		{FAC83616-9681-45D0-B15E-407D2059ABCA}.Release|Any CPU.Build.0 = Release|Any CPU
	EndGlobalSection
	GlobalSection(SolutionProperties) = preSolution
		HideSolutionNode = FALSE
	EndGlobalSection
	GlobalSection(ExtensibilityGlobals) = postSolution
		SolutionGuid = {41D7B4FD-3D91-4917-9DB2-12F95CCD167F}
	EndGlobalSection
EndGlobal
